
Microsoft Visual Studio Solution File, Format Version 11.00
# Visual Studio 2010
Project("{FAE04EC0-301F-11D3-BF4B-00C04F79EFBC}") = "Assembly-CSharp", "Assembly-CSharp.csproj", "{7FE01737-92ED-611B-A025-EC11A2F424E5}"
EndProject
Project("{FAE04EC0-301F-11D3-BF4B-00C04F79EFBC}") = "Assembly-CSharp-Editor", "Assembly-CSharp-Editor.csproj", "{5C74F8BF-764B-6C36-1DFA-FC3D854D2D4C}"
EndProject
Global
	GlobalSection(SolutionConfigurationPlatforms) = preSolution
		Debug|Any CPU = Debug|Any CPU
		Release|Any CPU = Release|Any CPU
	EndGlobalSection
	GlobalSection(ProjectConfigurationPlatforms) = postSolution
		{7FE01737-92ED-611B-A025-EC11A2F424E5}.Debug|Any CPU.ActiveCfg = Debug|Any CPU
		{7FE01737-92ED-611B-A025-EC11A2F424E5}.Debug|Any CPU.Build.0 = Debug|Any CPU
		{7FE01737-92ED-611B-A025-EC11A2F424E5}.Release|Any CPU.ActiveCfg = Release|Any CPU
		{7FE01737-92ED-611B-A025-EC11A2F424E5}.Release|Any CPU.Build.0 = Release|Any CPU
		{5C74F8BF-764B-6C36-1DFA-FC3D854D2D4C}.Debug|Any CPU.ActiveCfg = Debug|Any CPU
		{5C74F8BF-764B-6C36-1DFA-FC3D854D2D4C}.Debug|Any CPU.Build.0 = Debug|Any CPU
		{5C74F8BF-764B-6C36-1DFA-FC3D854D2D4C}.Release|Any CPU.ActiveCfg = Release|Any CPU
		{5C74F8BF-764B-6C36-1DFA-FC3D854D2D4C}.Release|Any CPU.Build.0 = Release|Any CPU
	EndGlobalSection
	GlobalSection(SolutionProperties) = preSolution
		HideSolutionNode = FALSE
	EndGlobalSection
EndGlobal
